// !$*UTF8*$!
{
	archiveVersion = 1;
	classes = {
	};
	objectVersion = 56;
	objects = {

/* Begin PBXBuildFile section */
		F828EFB12B4AE786000531C0 /* RoundedShape.swift in Sources */ = {isa = PBXBuildFile; fileRef = F828EFB02B4AE786000531C0 /* RoundedShape.swift */; };
		F82B77F22B1FA9B6004E249F /* Fit_well_hubApp.swift in Sources */ = {isa = PBXBuildFile; fileRef = F82B77F12B1FA9B6004E249F /* Fit_well_hubApp.swift */; };
		F82B77F42B1FA9B6004E249F /* OnboardingScreenView.swift in Sources */ = {isa = PBXBuildFile; fileRef = F82B77F32B1FA9B6004E249F /* OnboardingScreenView.swift */; };
		F82B77F62B1FA9B7004E249F /* Assets.xcassets in Resources */ = {isa = PBXBuildFile; fileRef = F82B77F52B1FA9B7004E249F /* Assets.xcassets */; };
		F82B77F92B1FA9B7004E249F /* Preview Assets.xcassets in Resources */ = {isa = PBXBuildFile; fileRef = F82B77F82B1FA9B7004E249F /* Preview Assets.xcassets */; };
		F83BAFFD2B2F34CC00EB53C1 /* SecureInput.swift in Sources */ = {isa = PBXBuildFile; fileRef = F83BAFFC2B2F34CC00EB53C1 /* SecureInput.swift */; };
		F83BB0002B2F682B00EB53C1 /* PasswordRecoveryScreenView.swift in Sources */ = {isa = PBXBuildFile; fileRef = F83BAFFF2B2F682B00EB53C1 /* PasswordRecoveryScreenView.swift */; };
		F83BB0032B2F692100EB53C1 /* validate.swift in Sources */ = {isa = PBXBuildFile; fileRef = F83BB0022B2F692100EB53C1 /* validate.swift */; };
		F83BB0052B2F6AA600EB53C1 /* RootView.swift in Sources */ = {isa = PBXBuildFile; fileRef = F83BB0042B2F6AA600EB53C1 /* RootView.swift */; };
		F83BB0082B2F7A2300EB53C1 /* VerificationCodeScreenView.swift in Sources */ = {isa = PBXBuildFile; fileRef = F83BB0072B2F7A2300EB53C1 /* VerificationCodeScreenView.swift */; };
		F83BB00A2B2F872E00EB53C1 /* CreatePasswordScreenView.swift in Sources */ = {isa = PBXBuildFile; fileRef = F83BB0092B2F872E00EB53C1 /* CreatePasswordScreenView.swift */; };
		F87C36BF2B4C14CB00716DCA /* MaskScreenView.swift in Sources */ = {isa = PBXBuildFile; fileRef = F87C36BE2B4C14CB00716DCA /* MaskScreenView.swift */; };
		F87C36C42B4C1BFE00716DCA /* MontserratAlternates-Regular.ttf in Resources */ = {isa = PBXBuildFile; fileRef = F87C36C32B4C1BFE00716DCA /* MontserratAlternates-Regular.ttf */; };
		F87C36CD2B4C239F00716DCA /* MontserratAlternates-Bold.ttf in Resources */ = {isa = PBXBuildFile; fileRef = F87C36CB2B4C239F00716DCA /* MontserratAlternates-Bold.ttf */; };
		F87C36CE2B4C239F00716DCA /* MontserratAlternates-SemiBold.ttf in Resources */ = {isa = PBXBuildFile; fileRef = F87C36CC2B4C239F00716DCA /* MontserratAlternates-SemiBold.ttf */; };
		F87FE9FF2B2E06A1005E22F1 /* PrimaryButton.swift in Sources */ = {isa = PBXBuildFile; fileRef = F87FE9FD2B2E06A1005E22F1 /* PrimaryButton.swift */; };
		F87FEA002B2E06A1005E22F1 /* SecondaryButton.swift in Sources */ = {isa = PBXBuildFile; fileRef = F87FE9FE2B2E06A1005E22F1 /* SecondaryButton.swift */; };
		F87FEA242B2E083C005E22F1 /* RegistrationScreenView.swift in Sources */ = {isa = PBXBuildFile; fileRef = F87FEA212B2E083C005E22F1 /* RegistrationScreenView.swift */; };
		F87FEA252B2E083C005E22F1 /* AuthorizationScreenView.swift in Sources */ = {isa = PBXBuildFile; fileRef = F87FEA222B2E083C005E22F1 /* AuthorizationScreenView.swift */; };
		F87FEA262B2E083C005E22F1 /* PrivacyPolicyScreenView.swift in Sources */ = {isa = PBXBuildFile; fileRef = F87FEA232B2E083C005E22F1 /* PrivacyPolicyScreenView.swift */; };
		F87FEA2F2B2E1ACD005E22F1 /* CrossButton.swift in Sources */ = {isa = PBXBuildFile; fileRef = F87FEA2D2B2E1ACD005E22F1 /* CrossButton.swift */; };
		F87FEA302B2E1ACD005E22F1 /* BackButton.swift in Sources */ = {isa = PBXBuildFile; fileRef = F87FEA2E2B2E1ACD005E22F1 /* BackButton.swift */; };
		F87FEA342B2E1B63005E22F1 /* MainInput.swift in Sources */ = {isa = PBXBuildFile; fileRef = F87FEA332B2E1B63005E22F1 /* MainInput.swift */; };
/* End PBXBuildFile section */

/* Begin PBXFileReference section */
		F828EFB02B4AE786000531C0 /* RoundedShape.swift */ = {isa = PBXFileReference; lastKnownFileType = sourcecode.swift; path = RoundedShape.swift; sourceTree = "<group>"; };
		F82B77EE2B1FA9B6004E249F /* Fit-well-hub.app */ = {isa = PBXFileReference; explicitFileType = wrapper.application; includeInIndex = 0; path = "Fit-well-hub.app"; sourceTree = BUILT_PRODUCTS_DIR; };
		F82B77F12B1FA9B6004E249F /* Fit_well_hubApp.swift */ = {isa = PBXFileReference; lastKnownFileType = sourcecode.swift; path = Fit_well_hubApp.swift; sourceTree = "<group>"; };
		F82B77F32B1FA9B6004E249F /* OnboardingScreenView.swift */ = {isa = PBXFileReference; lastKnownFileType = sourcecode.swift; path = OnboardingScreenView.swift; sourceTree = "<group>"; };
		F82B77F52B1FA9B7004E249F /* Assets.xcassets */ = {isa = PBXFileReference; lastKnownFileType = folder.assetcatalog; path = Assets.xcassets; sourceTree = "<group>"; };
		F82B77F82B1FA9B7004E249F /* Preview Assets.xcassets */ = {isa = PBXFileReference; lastKnownFileType = folder.assetcatalog; path = "Preview Assets.xcassets"; sourceTree = "<group>"; };
		F83BAFFC2B2F34CC00EB53C1 /* SecureInput.swift */ = {isa = PBXFileReference; lastKnownFileType = sourcecode.swift; path = SecureInput.swift; sourceTree = "<group>"; };
		F83BAFFF2B2F682B00EB53C1 /* PasswordRecoveryScreenView.swift */ = {isa = PBXFileReference; lastKnownFileType = sourcecode.swift; path = PasswordRecoveryScreenView.swift; sourceTree = "<group>"; };
		F83BB0022B2F692100EB53C1 /* validate.swift */ = {isa = PBXFileReference; lastKnownFileType = sourcecode.swift; path = validate.swift; sourceTree = "<group>"; };
		F83BB0042B2F6AA600EB53C1 /* RootView.swift */ = {isa = PBXFileReference; lastKnownFileType = sourcecode.swift; path = RootView.swift; sourceTree = "<group>"; };
		F83BB0072B2F7A2300EB53C1 /* VerificationCodeScreenView.swift */ = {isa = PBXFileReference; lastKnownFileType = sourcecode.swift; path = VerificationCodeScreenView.swift; sourceTree = "<group>"; };
		F83BB0092B2F872E00EB53C1 /* CreatePasswordScreenView.swift */ = {isa = PBXFileReference; lastKnownFileType = sourcecode.swift; path = CreatePasswordScreenView.swift; sourceTree = "<group>"; };
		F87C36BE2B4C14CB00716DCA /* MaskScreenView.swift */ = {isa = PBXFileReference; lastKnownFileType = sourcecode.swift; path = MaskScreenView.swift; sourceTree = "<group>"; };
		F87C36C32B4C1BFE00716DCA /* MontserratAlternates-Regular.ttf */ = {isa = PBXFileReference; lastKnownFileType = file; path = "MontserratAlternates-Regular.ttf"; sourceTree = "<group>"; };
		F87C36CA2B4C21BF00716DCA /* Info.plist */ = {isa = PBXFileReference; lastKnownFileType = text.plist; path = Info.plist; sourceTree = "<group>"; };
		F87C36CB2B4C239F00716DCA /* MontserratAlternates-Bold.ttf */ = {isa = PBXFileReference; lastKnownFileType = file; path = "MontserratAlternates-Bold.ttf"; sourceTree = "<group>"; };
		F87C36CC2B4C239F00716DCA /* MontserratAlternates-SemiBold.ttf */ = {isa = PBXFileReference; lastKnownFileType = file; path = "MontserratAlternates-SemiBold.ttf"; sourceTree = "<group>"; };
		F87FE9FD2B2E06A1005E22F1 /* PrimaryButton.swift */ = {isa = PBXFileReference; fileEncoding = 4; lastKnownFileType = sourcecode.swift; path = PrimaryButton.swift; sourceTree = "<group>"; };
		F87FE9FE2B2E06A1005E22F1 /* SecondaryButton.swift */ = {isa = PBXFileReference; fileEncoding = 4; lastKnownFileType = sourcecode.swift; path = SecondaryButton.swift; sourceTree = "<group>"; };
		F87FEA212B2E083C005E22F1 /* RegistrationScreenView.swift */ = {isa = PBXFileReference; fileEncoding = 4; lastKnownFileType = sourcecode.swift; path = RegistrationScreenView.swift; sourceTree = "<group>"; };
		F87FEA222B2E083C005E22F1 /* AuthorizationScreenView.swift */ = {isa = PBXFileReference; fileEncoding = 4; lastKnownFileType = sourcecode.swift; path = AuthorizationScreenView.swift; sourceTree = "<group>"; };
		F87FEA232B2E083C005E22F1 /* PrivacyPolicyScreenView.swift */ = {isa = PBXFileReference; fileEncoding = 4; lastKnownFileType = sourcecode.swift; path = PrivacyPolicyScreenView.swift; sourceTree = "<group>"; };
		F87FEA2D2B2E1ACD005E22F1 /* CrossButton.swift */ = {isa = PBXFileReference; fileEncoding = 4; lastKnownFileType = sourcecode.swift; path = CrossButton.swift; sourceTree = "<group>"; };
		F87FEA2E2B2E1ACD005E22F1 /* BackButton.swift */ = {isa = PBXFileReference; fileEncoding = 4; lastKnownFileType = sourcecode.swift; path = BackButton.swift; sourceTree = "<group>"; };
		F87FEA332B2E1B63005E22F1 /* MainInput.swift */ = {isa = PBXFileReference; lastKnownFileType = sourcecode.swift; path = MainInput.swift; sourceTree = "<group>"; };
/* End PBXFileReference section */

/* Begin PBXFrameworksBuildPhase section */
		F82B77EB2B1FA9B6004E249F /* Frameworks */ = {
			isa = PBXFrameworksBuildPhase;
			buildActionMask = 2147483647;
			files = (
			);
			runOnlyForDeploymentPostprocessing = 0;
		};
/* End PBXFrameworksBuildPhase section */

/* Begin PBXGroup section */
		F82B77E52B1FA9B6004E249F = {
			isa = PBXGroup;
			children = (
				F82B77F02B1FA9B6004E249F /* Fit-well-hub */,
				F82B77EF2B1FA9B6004E249F /* Products */,
			);
			sourceTree = "<group>";
		};
		F82B77EF2B1FA9B6004E249F /* Products */ = {
			isa = PBXGroup;
			children = (
				F82B77EE2B1FA9B6004E249F /* Fit-well-hub.app */,
			);
			name = Products;
			sourceTree = "<group>";
		};
		F82B77F02B1FA9B6004E249F /* Fit-well-hub */ = {
			isa = PBXGroup;
			children = (
				F87C36CA2B4C21BF00716DCA /* Info.plist */,
				F87C36C02B4C1A9400716DCA /* assets */,
				F83BB0012B2F68F500EB53C1 /* helpers */,
				F884FC352B2DFFE3008697BB /* views */,
				F87FEA012B2E06B5005E22F1 /* navigation */,
				F82B77F12B1FA9B6004E249F /* Fit_well_hubApp.swift */,
				F82B77F52B1FA9B7004E249F /* Assets.xcassets */,
				F82B77F72B1FA9B7004E249F /* Preview Content */,
			);
			path = "Fit-well-hub";
			sourceTree = "<group>";
		};
		F82B77F72B1FA9B7004E249F /* Preview Content */ = {
			isa = PBXGroup;
			children = (
				F82B77F82B1FA9B7004E249F /* Preview Assets.xcassets */,
			);
			path = "Preview Content";
			sourceTree = "<group>";
		};
		F83BAFFE2B2F5EAA00EB53C1 /* auth */ = {
			isa = PBXGroup;
			children = (
				F87FEA222B2E083C005E22F1 /* AuthorizationScreenView.swift */,
				F87FEA232B2E083C005E22F1 /* PrivacyPolicyScreenView.swift */,
				F87FEA212B2E083C005E22F1 /* RegistrationScreenView.swift */,
				F82B77F32B1FA9B6004E249F /* OnboardingScreenView.swift */,
				F83BAFFF2B2F682B00EB53C1 /* PasswordRecoveryScreenView.swift */,
				F83BB0072B2F7A2300EB53C1 /* VerificationCodeScreenView.swift */,
				F83BB0092B2F872E00EB53C1 /* CreatePasswordScreenView.swift */,
			);
			path = auth;
			sourceTree = "<group>";
		};
		F83BB0012B2F68F500EB53C1 /* helpers */ = {
			isa = PBXGroup;
			children = (
				F83BB0022B2F692100EB53C1 /* validate.swift */,
				F828EFB02B4AE786000531C0 /* RoundedShape.swift */,
			);
			path = helpers;
			sourceTree = "<group>";
		};
		F83BB0062B2F6AC500EB53C1 /* main */ = {
			isa = PBXGroup;
			children = (
			);
			path = main;
			sourceTree = "<group>";
		};
		F87C36BD2B4C149500716DCA /* masks */ = {
			isa = PBXGroup;
			children = (
				F87C36BE2B4C14CB00716DCA /* MaskScreenView.swift */,
			);
			path = masks;
			sourceTree = "<group>";
		};
		F87C36C02B4C1A9400716DCA /* assets */ = {
			isa = PBXGroup;
			children = (
				F87C36C22B4C1AAB00716DCA /* images */,
				F87C36C12B4C1AA300716DCA /* fonts */,
			);
			path = assets;
			sourceTree = "<group>";
		};
		F87C36C12B4C1AA300716DCA /* fonts */ = {
			isa = PBXGroup;
			children = (
				F87C36CB2B4C239F00716DCA /* MontserratAlternates-Bold.ttf */,
				F87C36CC2B4C239F00716DCA /* MontserratAlternates-SemiBold.ttf */,
				F87C36C32B4C1BFE00716DCA /* MontserratAlternates-Regular.ttf */,
			);
			path = fonts;
			sourceTree = "<group>";
		};
		F87C36C22B4C1AAB00716DCA /* images */ = {
			isa = PBXGroup;
			children = (
			);
			path = images;
			sourceTree = "<group>";
		};
		F87FEA012B2E06B5005E22F1 /* navigation */ = {
			isa = PBXGroup;
			children = (
				F83BB0062B2F6AC500EB53C1 /* main */,
				F83BAFFE2B2F5EAA00EB53C1 /* auth */,
				F83BB0042B2F6AA600EB53C1 /* RootView.swift */,
			);
			path = navigation;
			sourceTree = "<group>";
		};
		F884FC352B2DFFE3008697BB /* views */ = {
			isa = PBXGroup;
			children = (
				F884FC362B2DFFE3008697BB /* ui */,
			);
			path = views;
			sourceTree = "<group>";
		};
		F884FC362B2DFFE3008697BB /* ui */ = {
			isa = PBXGroup;
			children = (
				F87C36BD2B4C149500716DCA /* masks */,
				F884FC372B2DFFE3008697BB /* buttons */,
				F884FC382B2DFFE3008697BB /* inputs */,
			);
			path = ui;
			sourceTree = "<group>";
		};
		F884FC372B2DFFE3008697BB /* buttons */ = {
			isa = PBXGroup;
			children = (
				F87FEA2E2B2E1ACD005E22F1 /* BackButton.swift */,
				F87FEA2D2B2E1ACD005E22F1 /* CrossButton.swift */,
				F87FE9FD2B2E06A1005E22F1 /* PrimaryButton.swift */,
				F87FE9FE2B2E06A1005E22F1 /* SecondaryButton.swift */,
			);
			path = buttons;
			sourceTree = "<group>";
		};
		F884FC382B2DFFE3008697BB /* inputs */ = {
			isa = PBXGroup;
			children = (
				F87FEA332B2E1B63005E22F1 /* MainInput.swift */,
				F83BAFFC2B2F34CC00EB53C1 /* SecureInput.swift */,
			);
			path = inputs;
			sourceTree = "<group>";
		};
/* End PBXGroup section */

/* Begin PBXNativeTarget section */
		F82B77ED2B1FA9B6004E249F /* Fit-well-hub */ = {
			isa = PBXNativeTarget;
			buildConfigurationList = F82B77FC2B1FA9B7004E249F /* Build configuration list for PBXNativeTarget "Fit-well-hub" */;
			buildPhases = (
				F82B77EA2B1FA9B6004E249F /* Sources */,
				F82B77EB2B1FA9B6004E249F /* Frameworks */,
				F82B77EC2B1FA9B6004E249F /* Resources */,
			);
			buildRules = (
			);
			dependencies = (
			);
			name = "Fit-well-hub";
			productName = "Fit-well-hub";
			productReference = F82B77EE2B1FA9B6004E249F /* Fit-well-hub.app */;
			productType = "com.apple.product-type.application";
		};
/* End PBXNativeTarget section */

/* Begin PBXProject section */
		F82B77E62B1FA9B6004E249F /* Project object */ = {
			isa = PBXProject;
			attributes = {
				BuildIndependentTargetsInParallel = 1;
				LastSwiftUpdateCheck = 1500;
				LastUpgradeCheck = 1500;
				TargetAttributes = {
					F82B77ED2B1FA9B6004E249F = {
						CreatedOnToolsVersion = 15.0.1;
					};
				};
			};
			buildConfigurationList = F82B77E92B1FA9B6004E249F /* Build configuration list for PBXProject "Fit-well-hub" */;
			compatibilityVersion = "Xcode 14.0";
			developmentRegion = en;
			hasScannedForEncodings = 0;
			knownRegions = (
				en,
				Base,
			);
			mainGroup = F82B77E52B1FA9B6004E249F;
			productRefGroup = F82B77EF2B1FA9B6004E249F /* Products */;
			projectDirPath = "";
			projectRoot = "";
			targets = (
				F82B77ED2B1FA9B6004E249F /* Fit-well-hub */,
			);
		};
/* End PBXProject section */

/* Begin PBXResourcesBuildPhase section */
		F82B77EC2B1FA9B6004E249F /* Resources */ = {
			isa = PBXResourcesBuildPhase;
			buildActionMask = 2147483647;
			files = (
				F87C36CE2B4C239F00716DCA /* MontserratAlternates-SemiBold.ttf in Resources */,
				F82B77F92B1FA9B7004E249F /* Preview Assets.xcassets in Resources */,
				F87C36CD2B4C239F00716DCA /* MontserratAlternates-Bold.ttf in Resources */,
				F87C36C42B4C1BFE00716DCA /* MontserratAlternates-Regular.ttf in Resources */,
				F82B77F62B1FA9B7004E249F /* Assets.xcassets in Resources */,
			);
			runOnlyForDeploymentPostprocessing = 0;
		};
/* End PBXResourcesBuildPhase section */

/* Begin PBXSourcesBuildPhase section */
		F82B77EA2B1FA9B6004E249F /* Sources */ = {
			isa = PBXSourcesBuildPhase;
			buildActionMask = 2147483647;
			files = (
				F83BB0032B2F692100EB53C1 /* validate.swift in Sources */,
				F87FEA002B2E06A1005E22F1 /* SecondaryButton.swift in Sources */,
				F83BAFFD2B2F34CC00EB53C1 /* SecureInput.swift in Sources */,
				F87FEA342B2E1B63005E22F1 /* MainInput.swift in Sources */,
				F87C36BF2B4C14CB00716DCA /* MaskScreenView.swift in Sources */,
				F83BB0052B2F6AA600EB53C1 /* RootView.swift in Sources */,
				F87FE9FF2B2E06A1005E22F1 /* PrimaryButton.swift in Sources */,
				F87FEA2F2B2E1ACD005E22F1 /* CrossButton.swift in Sources */,
				F828EFB12B4AE786000531C0 /* RoundedShape.swift in Sources */,
				F82B77F42B1FA9B6004E249F /* OnboardingScreenView.swift in Sources */,
				F83BB0082B2F7A2300EB53C1 /* VerificationCodeScreenView.swift in Sources */,
				F87FEA242B2E083C005E22F1 /* RegistrationScreenView.swift in Sources */,
				F87FEA302B2E1ACD005E22F1 /* BackButton.swift in Sources */,
				F83BB00A2B2F872E00EB53C1 /* CreatePasswordScreenView.swift in Sources */,
				F83BB0002B2F682B00EB53C1 /* PasswordRecoveryScreenView.swift in Sources */,
				F87FEA252B2E083C005E22F1 /* AuthorizationScreenView.swift in Sources */,
				F82B77F22B1FA9B6004E249F /* Fit_well_hubApp.swift in Sources */,
				F87FEA262B2E083C005E22F1 /* PrivacyPolicyScreenView.swift in Sources */,
			);
			runOnlyForDeploymentPostprocessing = 0;
		};
/* End PBXSourcesBuildPhase section */

/* Begin XCBuildConfiguration section */
		F82B77FA2B1FA9B7004E249F /* Debug */ = {
			isa = XCBuildConfiguration;
			buildSettings = {
				ALWAYS_SEARCH_USER_PATHS = NO;
				ASSETCATALOG_COMPILER_GENERATE_SWIFT_ASSET_SYMBOL_EXTENSIONS = YES;
				CLANG_ANALYZER_NONNULL = YES;
				CLANG_ANALYZER_NUMBER_OBJECT_CONVERSION = YES_AGGRESSIVE;
				CLANG_CXX_LANGUAGE_STANDARD = "gnu++20";
				CLANG_ENABLE_MODULES = YES;
				CLANG_ENABLE_OBJC_ARC = YES;
				CLANG_ENABLE_OBJC_WEAK = YES;
				CLANG_WARN_BLOCK_CAPTURE_AUTORELEASING = YES;
				CLANG_WARN_BOOL_CONVERSION = YES;
				CLANG_WARN_COMMA = YES;
				CLANG_WARN_CONSTANT_CONVERSION = YES;
				CLANG_WARN_DEPRECATED_OBJC_IMPLEMENTATIONS = YES;
				CLANG_WARN_DIRECT_OBJC_ISA_USAGE = YES_ERROR;
				CLANG_WARN_DOCUMENTATION_COMMENTS = YES;
				CLANG_WARN_EMPTY_BODY = YES;
				CLANG_WARN_ENUM_CONVERSION = YES;
				CLANG_WARN_INFINITE_RECURSION = YES;
				CLANG_WARN_INT_CONVERSION = YES;
				CLANG_WARN_NON_LITERAL_NULL_CONVERSION = YES;
				CLANG_WARN_OBJC_IMPLICIT_RETAIN_SELF = YES;
				CLANG_WARN_OBJC_LITERAL_CONVERSION = YES;
				CLANG_WARN_OBJC_ROOT_CLASS = YES_ERROR;
				CLANG_WARN_QUOTED_INCLUDE_IN_FRAMEWORK_HEADER = YES;
				CLANG_WARN_RANGE_LOOP_ANALYSIS = YES;
				CLANG_WARN_STRICT_PROTOTYPES = YES;
				CLANG_WARN_SUSPICIOUS_MOVE = YES;
				CLANG_WARN_UNGUARDED_AVAILABILITY = YES_AGGRESSIVE;
				CLANG_WARN_UNREACHABLE_CODE = YES;
				CLANG_WARN__DUPLICATE_METHOD_MATCH = YES;
				COPY_PHASE_STRIP = NO;
				DEBUG_INFORMATION_FORMAT = dwarf;
				ENABLE_STRICT_OBJC_MSGSEND = YES;
				ENABLE_TESTABILITY = YES;
				ENABLE_USER_SCRIPT_SANDBOXING = YES;
				GCC_C_LANGUAGE_STANDARD = gnu17;
				GCC_DYNAMIC_NO_PIC = NO;
				GCC_NO_COMMON_BLOCKS = YES;
				GCC_OPTIMIZATION_LEVEL = 0;
				GCC_PREPROCESSOR_DEFINITIONS = (
					"DEBUG=1",
					"$(inherited)",
				);
				GCC_WARN_64_TO_32_BIT_CONVERSION = YES;
				GCC_WARN_ABOUT_RETURN_TYPE = YES_ERROR;
				GCC_WARN_UNDECLARED_SELECTOR = YES;
				GCC_WARN_UNINITIALIZED_AUTOS = YES_AGGRESSIVE;
				GCC_WARN_UNUSED_FUNCTION = YES;
				GCC_WARN_UNUSED_VARIABLE = YES;
				IPHONEOS_DEPLOYMENT_TARGET = 17.0;
				LOCALIZATION_PREFERS_STRING_CATALOGS = YES;
				MTL_ENABLE_DEBUG_INFO = INCLUDE_SOURCE;
				MTL_FAST_MATH = YES;
				ONLY_ACTIVE_ARCH = YES;
				SDKROOT = iphoneos;
				SWIFT_ACTIVE_COMPILATION_CONDITIONS = "DEBUG $(inherited)";
				SWIFT_OPTIMIZATION_LEVEL = "-Onone";
			};
			name = Debug;
		};
		F82B77FB2B1FA9B7004E249F /* Release */ = {
			isa = XCBuildConfiguration;
			buildSettings = {
				ALWAYS_SEARCH_USER_PATHS = NO;
				ASSETCATALOG_COMPILER_GENERATE_SWIFT_ASSET_SYMBOL_EXTENSIONS = YES;
				CLANG_ANALYZER_NONNULL = YES;
				CLANG_ANALYZER_NUMBER_OBJECT_CONVERSION = YES_AGGRESSIVE;
				CLANG_CXX_LANGUAGE_STANDARD = "gnu++20";
				CLANG_ENABLE_MODULES = YES;
				CLANG_ENABLE_OBJC_ARC = YES;
				CLANG_ENABLE_OBJC_WEAK = YES;
				CLANG_WARN_BLOCK_CAPTURE_AUTORELEASING = YES;
				CLANG_WARN_BOOL_CONVERSION = YES;
				CLANG_WARN_COMMA = YES;
				CLANG_WARN_CONSTANT_CONVERSION = YES;
				CLANG_WARN_DEPRECATED_OBJC_IMPLEMENTATIONS = YES;
				CLANG_WARN_DIRECT_OBJC_ISA_USAGE = YES_ERROR;
				CLANG_WARN_DOCUMENTATION_COMMENTS = YES;
				CLANG_WARN_EMPTY_BODY = YES;
				CLANG_WARN_ENUM_CONVERSION = YES;
				CLANG_WARN_INFINITE_RECURSION = YES;
				CLANG_WARN_INT_CONVERSION = YES;
				CLANG_WARN_NON_LITERAL_NULL_CONVERSION = YES;
				CLANG_WARN_OBJC_IMPLICIT_RETAIN_SELF = YES;
				CLANG_WARN_OBJC_LITERAL_CONVERSION = YES;
				CLANG_WARN_OBJC_ROOT_CLASS = YES_ERROR;
				CLANG_WARN_QUOTED_INCLUDE_IN_FRAMEWORK_HEADER = YES;
				CLANG_WARN_RANGE_LOOP_ANALYSIS = YES;
				CLANG_WARN_STRICT_PROTOTYPES = YES;
				CLANG_WARN_SUSPICIOUS_MOVE = YES;
				CLANG_WARN_UNGUARDED_AVAILABILITY = YES_AGGRESSIVE;
				CLANG_WARN_UNREACHABLE_CODE = YES;
				CLANG_WARN__DUPLICATE_METHOD_MATCH = YES;
				COPY_PHASE_STRIP = NO;
				DEBUG_INFORMATION_FORMAT = "dwarf-with-dsym";
				ENABLE_NS_ASSERTIONS = NO;
				ENABLE_STRICT_OBJC_MSGSEND = YES;
				ENABLE_USER_SCRIPT_SANDBOXING = YES;
				GCC_C_LANGUAGE_STANDARD = gnu17;
				GCC_NO_COMMON_BLOCKS = YES;
				GCC_WARN_64_TO_32_BIT_CONVERSION = YES;
				GCC_WARN_ABOUT_RETURN_TYPE = YES_ERROR;
				GCC_WARN_UNDECLARED_SELECTOR = YES;
				GCC_WARN_UNINITIALIZED_AUTOS = YES_AGGRESSIVE;
				GCC_WARN_UNUSED_FUNCTION = YES;
				GCC_WARN_UNUSED_VARIABLE = YES;
				IPHONEOS_DEPLOYMENT_TARGET = 17.0;
				LOCALIZATION_PREFERS_STRING_CATALOGS = YES;
				MTL_ENABLE_DEBUG_INFO = NO;
				MTL_FAST_MATH = YES;
				SDKROOT = iphoneos;
				SWIFT_COMPILATION_MODE = wholemodule;
				VALIDATE_PRODUCT = YES;
			};
			name = Release;
		};
		F82B77FD2B1FA9B7004E249F /* Debug */ = {
			isa = XCBuildConfiguration;
			buildSettings = {
				ASSETCATALOG_COMPILER_APPICON_NAME = AppIcon;
				ASSETCATALOG_COMPILER_GLOBAL_ACCENT_COLOR_NAME = AccentColor;
				CODE_SIGN_STYLE = Automatic;
				CURRENT_PROJECT_VERSION = 1;
				DEVELOPMENT_ASSET_PATHS = "\"Fit-well-hub/Preview Content\"";
				DEVELOPMENT_TEAM = 822KZXTV6Q;
				ENABLE_PREVIEWS = YES;
				GENERATE_INFOPLIST_FILE = YES;
				INFOPLIST_FILE = "Fit-well-hub/Info.plist";
				INFOPLIST_KEY_CFBundleDisplayName = FitWellHub;
				INFOPLIST_KEY_LSApplicationCategoryType = "public.app-category.education";
				INFOPLIST_KEY_UIApplicationSceneManifest_Generation = YES;
				INFOPLIST_KEY_UIApplicationSupportsIndirectInputEvents = YES;
				INFOPLIST_KEY_UILaunchScreen_Generation = YES;
				INFOPLIST_KEY_UISupportedInterfaceOrientations = UIInterfaceOrientationPortrait;
				INFOPLIST_KEY_UISupportedInterfaceOrientations_iPad = "UIInterfaceOrientationLandscapeLeft UIInterfaceOrientationLandscapeRight UIInterfaceOrientationPortrait UIInterfaceOrientationPortraitUpsideDown";
				LD_RUNPATH_SEARCH_PATHS = (
					"$(inherited)",
					"@executable_path/Frameworks",
				);
				MARKETING_VERSION = 1.0;
				PRODUCT_BUNDLE_IDENTIFIER = "Vitali-Kupratsevich.Fit-well-hub";
				PRODUCT_NAME = "$(TARGET_NAME)";
				SUPPORTED_PLATFORMS = "iphoneos iphonesimulator";
				SUPPORTS_MACCATALYST = NO;
				SUPPORTS_MAC_DESIGNED_FOR_IPHONE_IPAD = NO;
				SWIFT_EMIT_LOC_STRINGS = YES;
				SWIFT_VERSION = 5.0;
				TARGETED_DEVICE_FAMILY = 1;
			};
			name = Debug;
		};
		F82B77FE2B1FA9B7004E249F /* Release */ = {
			isa = XCBuildConfiguration;
			buildSettings = {
				ASSETCATALOG_COMPILER_APPICON_NAME = AppIcon;
				ASSETCATALOG_COMPILER_GLOBAL_ACCENT_COLOR_NAME = AccentColor;
				CODE_SIGN_STYLE = Automatic;
				CURRENT_PROJECT_VERSION = 1;
				DEVELOPMENT_ASSET_PATHS = "\"Fit-well-hub/Preview Content\"";
				DEVELOPMENT_TEAM = 822KZXTV6Q;
				ENABLE_PREVIEWS = YES;
				GENERATE_INFOPLIST_FILE = YES;
				INFOPLIST_FILE = "Fit-well-hub/Info.plist";
				INFOPLIST_KEY_CFBundleDisplayName = FitWellHub;
				INFOPLIST_KEY_LSApplicationCategoryType = "public.app-category.education";
				INFOPLIST_KEY_UIApplicationSceneManifest_Generation = YES;
				INFOPLIST_KEY_UIApplicationSupportsIndirectInputEvents = YES;
				INFOPLIST_KEY_UILaunchScreen_Generation = YES;
				INFOPLIST_KEY_UISupportedInterfaceOrientations = UIInterfaceOrientationPortrait;
				INFOPLIST_KEY_UISupportedInterfaceOrientations_iPad = "UIInterfaceOrientationLandscapeLeft UIInterfaceOrientationLandscapeRight UIInterfaceOrientationPortrait UIInterfaceOrientationPortraitUpsideDown";
				LD_RUNPATH_SEARCH_PATHS = (
					"$(inherited)",
					"@executable_path/Frameworks",
				);
				MARKETING_VERSION = 1.0;
				PRODUCT_BUNDLE_IDENTIFIER = "Vitali-Kupratsevich.Fit-well-hub";
				PRODUCT_NAME = "$(TARGET_NAME)";
				SUPPORTED_PLATFORMS = "iphoneos iphonesimulator";
				SUPPORTS_MACCATALYST = NO;
				SUPPORTS_MAC_DESIGNED_FOR_IPHONE_IPAD = NO;
				SWIFT_EMIT_LOC_STRINGS = YES;
				SWIFT_VERSION = 5.0;
				TARGETED_DEVICE_FAMILY = 1;
			};
			name = Release;
		};
/* End XCBuildConfiguration section */

/* Begin XCConfigurationList section */
		F82B77E92B1FA9B6004E249F /* Build configuration list for PBXProject "Fit-well-hub" */ = {
			isa = XCConfigurationList;
			buildConfigurations = (
				F82B77FA2B1FA9B7004E249F /* Debug */,
				F82B77FB2B1FA9B7004E249F /* Release */,
			);
			defaultConfigurationIsVisible = 0;
			defaultConfigurationName = Release;
		};
		F82B77FC2B1FA9B7004E249F /* Build configuration list for PBXNativeTarget "Fit-well-hub" */ = {
			isa = XCConfigurationList;
			buildConfigurations = (
				F82B77FD2B1FA9B7004E249F /* Debug */,
				F82B77FE2B1FA9B7004E249F /* Release */,
			);
			defaultConfigurationIsVisible = 0;
			defaultConfigurationName = Release;
		};
/* End XCConfigurationList section */
	};
	rootObject = F82B77E62B1FA9B6004E249F /* Project object */;
}
