// !$*UTF8*$!
{
	archiveVersion = 1;
	classes = {
	};
	objectVersion = 56;
	objects = {

/* Begin PBXBuildFile section */
		F807BDCA2B5DA4A800F78996 /* CodeInput.swift in Sources */ = {isa = PBXBuildFile; fileRef = F807BDC92B5DA4A800F78996 /* CodeInput.swift */; };
		F828EFB12B4AE786000531C0 /* RoundedShape.swift in Sources */ = {isa = PBXBuildFile; fileRef = F828EFB02B4AE786000531C0 /* RoundedShape.swift */; };
		F82B77F22B1FA9B6004E249F /* AppMain.swift in Sources */ = {isa = PBXBuildFile; fileRef = F82B77F12B1FA9B6004E249F /* AppMain.swift */; };
		F82B77F42B1FA9B6004E249F /* OnboardingView.swift in Sources */ = {isa = PBXBuildFile; fileRef = F82B77F32B1FA9B6004E249F /* OnboardingView.swift */; };
		F82B77F62B1FA9B7004E249F /* Assets.xcassets in Resources */ = {isa = PBXBuildFile; fileRef = F82B77F52B1FA9B7004E249F /* Assets.xcassets */; };
		F82B77F92B1FA9B7004E249F /* Preview Assets.xcassets in Resources */ = {isa = PBXBuildFile; fileRef = F82B77F82B1FA9B7004E249F /* Preview Assets.xcassets */; };
		F83BAFFD2B2F34CC00EB53C1 /* SecureInput.swift in Sources */ = {isa = PBXBuildFile; fileRef = F83BAFFC2B2F34CC00EB53C1 /* SecureInput.swift */; };
		F83BB0002B2F682B00EB53C1 /* PasswordRecoveryView.swift in Sources */ = {isa = PBXBuildFile; fileRef = F83BAFFF2B2F682B00EB53C1 /* PasswordRecoveryView.swift */; };
		F83BB0032B2F692100EB53C1 /* String+Ext.swift in Sources */ = {isa = PBXBuildFile; fileRef = F83BB0022B2F692100EB53C1 /* String+Ext.swift */; };
		F83BB0052B2F6AA600EB53C1 /* RootView.swift in Sources */ = {isa = PBXBuildFile; fileRef = F83BB0042B2F6AA600EB53C1 /* RootView.swift */; };
		F83BB0082B2F7A2300EB53C1 /* VerificationCodeView.swift in Sources */ = {isa = PBXBuildFile; fileRef = F83BB0072B2F7A2300EB53C1 /* VerificationCodeView.swift */; };
		F83BB00A2B2F872E00EB53C1 /* CreatePasswordView.swift in Sources */ = {isa = PBXBuildFile; fileRef = F83BB0092B2F872E00EB53C1 /* CreatePasswordView.swift */; };
		F842260C2B7EAD9500E9FF56 /* FooterContent.swift in Sources */ = {isa = PBXBuildFile; fileRef = F842260B2B7EAD9500E9FF56 /* FooterContent.swift */; };
		F84AA9C92B81407A00F46B49 /* Color+Ext.swift in Sources */ = {isa = PBXBuildFile; fileRef = F84AA9C82B81407A00F46B49 /* Color+Ext.swift */; };
		F8668A372B4DCF3600AD2884 /* ElementButton.swift in Sources */ = {isa = PBXBuildFile; fileRef = F8668A362B4DCF3600AD2884 /* ElementButton.swift */; };
		F8668A3A2B4DD5B100AD2884 /* programParametersData.json in Resources */ = {isa = PBXBuildFile; fileRef = F8668A392B4DD5B100AD2884 /* programParametersData.json */; };
		F8668A3F2B4DDA5900AD2884 /* CreateTrainingProgramModel.swift in Sources */ = {isa = PBXBuildFile; fileRef = F8668A3E2B4DDA5900AD2884 /* CreateTrainingProgramModel.swift */; };
		F8668A432B4DE21600AD2884 /* Program.swift in Sources */ = {isa = PBXBuildFile; fileRef = F8668A422B4DE21600AD2884 /* Program.swift */; };
		F8668A462B4DEA4400AD2884 /* LevelTrainingView.swift in Sources */ = {isa = PBXBuildFile; fileRef = F8668A452B4DEA4400AD2884 /* LevelTrainingView.swift */; };
		F8668A482B4DEB4C00AD2884 /* GoalTrainingView.swift in Sources */ = {isa = PBXBuildFile; fileRef = F8668A472B4DEB4C00AD2884 /* GoalTrainingView.swift */; };
		F8668A4C2B4DEBD800AD2884 /* DurationTrainingView.swift in Sources */ = {isa = PBXBuildFile; fileRef = F8668A4B2B4DEBD800AD2884 /* DurationTrainingView.swift */; };
		F8668A4E2B4DF2F300AD2884 /* LabelButton.swift in Sources */ = {isa = PBXBuildFile; fileRef = F8668A4D2B4DF2F300AD2884 /* LabelButton.swift */; };
		F87C36BF2B4C14CB00716DCA /* MaskScreenView.swift in Sources */ = {isa = PBXBuildFile; fileRef = F87C36BE2B4C14CB00716DCA /* MaskScreenView.swift */; };
		F87C36C42B4C1BFE00716DCA /* MontserratAlternates-Regular.ttf in Resources */ = {isa = PBXBuildFile; fileRef = F87C36C32B4C1BFE00716DCA /* MontserratAlternates-Regular.ttf */; };
		F87C36CD2B4C239F00716DCA /* MontserratAlternates-Bold.ttf in Resources */ = {isa = PBXBuildFile; fileRef = F87C36CB2B4C239F00716DCA /* MontserratAlternates-Bold.ttf */; };
		F87C36CE2B4C239F00716DCA /* MontserratAlternates-SemiBold.ttf in Resources */ = {isa = PBXBuildFile; fileRef = F87C36CC2B4C239F00716DCA /* MontserratAlternates-SemiBold.ttf */; };
		F87C36DA2B4C4A1500716DCA /* CreateTrainingProgramView.swift in Sources */ = {isa = PBXBuildFile; fileRef = F87C36D92B4C4A1500716DCA /* CreateTrainingProgramView.swift */; };
		F87FE9FF2B2E06A1005E22F1 /* PrimaryButton.swift in Sources */ = {isa = PBXBuildFile; fileRef = F87FE9FD2B2E06A1005E22F1 /* PrimaryButton.swift */; };
		F87FEA242B2E083C005E22F1 /* RegistrationView.swift in Sources */ = {isa = PBXBuildFile; fileRef = F87FEA212B2E083C005E22F1 /* RegistrationView.swift */; };
		F87FEA252B2E083C005E22F1 /* AuthorizationView.swift in Sources */ = {isa = PBXBuildFile; fileRef = F87FEA222B2E083C005E22F1 /* AuthorizationView.swift */; };
		F87FEA262B2E083C005E22F1 /* PrivacyPolicyView.swift in Sources */ = {isa = PBXBuildFile; fileRef = F87FEA232B2E083C005E22F1 /* PrivacyPolicyView.swift */; };
		F87FEA302B2E1ACD005E22F1 /* BackButton.swift in Sources */ = {isa = PBXBuildFile; fileRef = F87FEA2E2B2E1ACD005E22F1 /* BackButton.swift */; };
		F87FEA342B2E1B63005E22F1 /* MainInput.swift in Sources */ = {isa = PBXBuildFile; fileRef = F87FEA332B2E1B63005E22F1 /* MainInput.swift */; };
		F8D3F7FF2B66E64F0046F7AA /* ContentView.swift in Sources */ = {isa = PBXBuildFile; fileRef = F8D3F7FE2B66E64F0046F7AA /* ContentView.swift */; };
/* End PBXBuildFile section */

/* Begin PBXFileReference section */
		F807BDC92B5DA4A800F78996 /* CodeInput.swift */ = {isa = PBXFileReference; lastKnownFileType = sourcecode.swift; path = CodeInput.swift; sourceTree = "<group>"; };
		F828EFB02B4AE786000531C0 /* RoundedShape.swift */ = {isa = PBXFileReference; lastKnownFileType = sourcecode.swift; path = RoundedShape.swift; sourceTree = "<group>"; };
		F82B77EE2B1FA9B6004E249F /* Fit-well-hub.app */ = {isa = PBXFileReference; explicitFileType = wrapper.application; includeInIndex = 0; path = "Fit-well-hub.app"; sourceTree = BUILT_PRODUCTS_DIR; };
		F82B77F12B1FA9B6004E249F /* AppMain.swift */ = {isa = PBXFileReference; lastKnownFileType = sourcecode.swift; path = AppMain.swift; sourceTree = "<group>"; };
		F82B77F32B1FA9B6004E249F /* OnboardingView.swift */ = {isa = PBXFileReference; lastKnownFileType = sourcecode.swift; path = OnboardingView.swift; sourceTree = "<group>"; };
		F82B77F52B1FA9B7004E249F /* Assets.xcassets */ = {isa = PBXFileReference; lastKnownFileType = folder.assetcatalog; path = Assets.xcassets; sourceTree = "<group>"; };
		F82B77F82B1FA9B7004E249F /* Preview Assets.xcassets */ = {isa = PBXFileReference; lastKnownFileType = folder.assetcatalog; path = "Preview Assets.xcassets"; sourceTree = "<group>"; };
		F83BAFFC2B2F34CC00EB53C1 /* SecureInput.swift */ = {isa = PBXFileReference; lastKnownFileType = sourcecode.swift; path = SecureInput.swift; sourceTree = "<group>"; };
		F83BAFFF2B2F682B00EB53C1 /* PasswordRecoveryView.swift */ = {isa = PBXFileReference; lastKnownFileType = sourcecode.swift; path = PasswordRecoveryView.swift; sourceTree = "<group>"; };
		F83BB0022B2F692100EB53C1 /* String+Ext.swift */ = {isa = PBXFileReference; lastKnownFileType = sourcecode.swift; path = "String+Ext.swift"; sourceTree = "<group>"; };
		F83BB0042B2F6AA600EB53C1 /* RootView.swift */ = {isa = PBXFileReference; lastKnownFileType = sourcecode.swift; path = RootView.swift; sourceTree = "<group>"; };
		F83BB0072B2F7A2300EB53C1 /* VerificationCodeView.swift */ = {isa = PBXFileReference; lastKnownFileType = sourcecode.swift; path = VerificationCodeView.swift; sourceTree = "<group>"; };
		F83BB0092B2F872E00EB53C1 /* CreatePasswordView.swift */ = {isa = PBXFileReference; lastKnownFileType = sourcecode.swift; path = CreatePasswordView.swift; sourceTree = "<group>"; };
		F842260B2B7EAD9500E9FF56 /* FooterContent.swift */ = {isa = PBXFileReference; lastKnownFileType = sourcecode.swift; path = FooterContent.swift; sourceTree = "<group>"; };
		F84AA9C82B81407A00F46B49 /* Color+Ext.swift */ = {isa = PBXFileReference; lastKnownFileType = sourcecode.swift; path = "Color+Ext.swift"; sourceTree = "<group>"; };
		F8668A362B4DCF3600AD2884 /* ElementButton.swift */ = {isa = PBXFileReference; lastKnownFileType = sourcecode.swift; path = ElementButton.swift; sourceTree = "<group>"; };
		F8668A392B4DD5B100AD2884 /* programParametersData.json */ = {isa = PBXFileReference; fileEncoding = 4; lastKnownFileType = text.json; path = programParametersData.json; sourceTree = "<group>"; };
		F8668A3E2B4DDA5900AD2884 /* CreateTrainingProgramModel.swift */ = {isa = PBXFileReference; lastKnownFileType = sourcecode.swift; path = CreateTrainingProgramModel.swift; sourceTree = "<group>"; };
		F8668A422B4DE21600AD2884 /* Program.swift */ = {isa = PBXFileReference; fileEncoding = 4; lastKnownFileType = sourcecode.swift; path = Program.swift; sourceTree = "<group>"; };
		F8668A452B4DEA4400AD2884 /* LevelTrainingView.swift */ = {isa = PBXFileReference; lastKnownFileType = sourcecode.swift; path = LevelTrainingView.swift; sourceTree = "<group>"; };
		F8668A472B4DEB4C00AD2884 /* GoalTrainingView.swift */ = {isa = PBXFileReference; lastKnownFileType = sourcecode.swift; path = GoalTrainingView.swift; sourceTree = "<group>"; };
		F8668A4B2B4DEBD800AD2884 /* DurationTrainingView.swift */ = {isa = PBXFileReference; fileEncoding = 4; lastKnownFileType = sourcecode.swift; path = DurationTrainingView.swift; sourceTree = "<group>"; };
		F8668A4D2B4DF2F300AD2884 /* LabelButton.swift */ = {isa = PBXFileReference; lastKnownFileType = sourcecode.swift; path = LabelButton.swift; sourceTree = "<group>"; };
		F87C36BE2B4C14CB00716DCA /* MaskScreenView.swift */ = {isa = PBXFileReference; lastKnownFileType = sourcecode.swift; path = MaskScreenView.swift; sourceTree = "<group>"; };
		F87C36C32B4C1BFE00716DCA /* MontserratAlternates-Regular.ttf */ = {isa = PBXFileReference; lastKnownFileType = file; path = "MontserratAlternates-Regular.ttf"; sourceTree = "<group>"; };
		F87C36CA2B4C21BF00716DCA /* Info.plist */ = {isa = PBXFileReference; lastKnownFileType = text.plist; path = Info.plist; sourceTree = "<group>"; };
		F87C36CB2B4C239F00716DCA /* MontserratAlternates-Bold.ttf */ = {isa = PBXFileReference; lastKnownFileType = file; path = "MontserratAlternates-Bold.ttf"; sourceTree = "<group>"; };
		F87C36CC2B4C239F00716DCA /* MontserratAlternates-SemiBold.ttf */ = {isa = PBXFileReference; lastKnownFileType = file; path = "MontserratAlternates-SemiBold.ttf"; sourceTree = "<group>"; };
		F87C36D92B4C4A1500716DCA /* CreateTrainingProgramView.swift */ = {isa = PBXFileReference; lastKnownFileType = sourcecode.swift; path = CreateTrainingProgramView.swift; sourceTree = "<group>"; };
		F87FE9FD2B2E06A1005E22F1 /* PrimaryButton.swift */ = {isa = PBXFileReference; fileEncoding = 4; lastKnownFileType = sourcecode.swift; path = PrimaryButton.swift; sourceTree = "<group>"; };
		F87FEA212B2E083C005E22F1 /* RegistrationView.swift */ = {isa = PBXFileReference; fileEncoding = 4; lastKnownFileType = sourcecode.swift; path = RegistrationView.swift; sourceTree = "<group>"; };
		F87FEA222B2E083C005E22F1 /* AuthorizationView.swift */ = {isa = PBXFileReference; fileEncoding = 4; lastKnownFileType = sourcecode.swift; path = AuthorizationView.swift; sourceTree = "<group>"; };
		F87FEA232B2E083C005E22F1 /* PrivacyPolicyView.swift */ = {isa = PBXFileReference; fileEncoding = 4; lastKnownFileType = sourcecode.swift; path = PrivacyPolicyView.swift; sourceTree = "<group>"; };
		F87FEA2E2B2E1ACD005E22F1 /* BackButton.swift */ = {isa = PBXFileReference; fileEncoding = 4; lastKnownFileType = sourcecode.swift; path = BackButton.swift; sourceTree = "<group>"; };
		F87FEA332B2E1B63005E22F1 /* MainInput.swift */ = {isa = PBXFileReference; lastKnownFileType = sourcecode.swift; path = MainInput.swift; sourceTree = "<group>"; };
		F8D3F7FE2B66E64F0046F7AA /* ContentView.swift */ = {isa = PBXFileReference; lastKnownFileType = sourcecode.swift; path = ContentView.swift; sourceTree = "<group>"; };
/* End PBXFileReference section */

/* Begin PBXFrameworksBuildPhase section */
		F82B77EB2B1FA9B6004E249F /* Frameworks */ = {
			isa = PBXFrameworksBuildPhase;
			buildActionMask = 2147483647;
			files = (
			);
			runOnlyForDeploymentPostprocessing = 0;
		};
/* End PBXFrameworksBuildPhase section */

/* Begin PBXGroup section */
		F820CD012B6EE2C600C14BD7 /* Shared */ = {
			isa = PBXGroup;
			children = (
				F8D951D02B6FACD90068CF4F /* Components */,
				F884FC362B2DFFE3008697BB /* UI */,
			);
			path = Shared;
			sourceTree = "<group>";
		};
		F820CD022B6EE35400C14BD7 /* Authorization */ = {
			isa = PBXGroup;
			children = (
				F87FEA222B2E083C005E22F1 /* AuthorizationView.swift */,
			);
			path = Authorization;
			sourceTree = "<group>";
		};
		F820CD032B6EE37800C14BD7 /* PrivacyPolicy */ = {
			isa = PBXGroup;
			children = (
				F87FEA232B2E083C005E22F1 /* PrivacyPolicyView.swift */,
			);
			path = PrivacyPolicy;
			sourceTree = "<group>";
		};
		F820CD042B6EE39200C14BD7 /* Registration */ = {
			isa = PBXGroup;
			children = (
				F87FEA212B2E083C005E22F1 /* RegistrationView.swift */,
			);
			path = Registration;
			sourceTree = "<group>";
		};
		F820CD052B6EE3CC00C14BD7 /* Onboarding */ = {
			isa = PBXGroup;
			children = (
				F82B77F32B1FA9B6004E249F /* OnboardingView.swift */,
				F842260B2B7EAD9500E9FF56 /* FooterContent.swift */,
			);
			path = Onboarding;
			sourceTree = "<group>";
		};
		F820CD062B6EE3FD00C14BD7 /* PasswordRecovery */ = {
			isa = PBXGroup;
			children = (
				F83BAFFF2B2F682B00EB53C1 /* PasswordRecoveryView.swift */,
			);
			path = PasswordRecovery;
			sourceTree = "<group>";
		};
		F820CD072B6EE43A00C14BD7 /* VerificationCode */ = {
			isa = PBXGroup;
			children = (
				F83BB0072B2F7A2300EB53C1 /* VerificationCodeView.swift */,
			);
			path = VerificationCode;
			sourceTree = "<group>";
		};
		F820CD082B6EE47800C14BD7 /* CreatePassword */ = {
			isa = PBXGroup;
			children = (
				F83BB0092B2F872E00EB53C1 /* CreatePasswordView.swift */,
			);
			path = CreatePassword;
			sourceTree = "<group>";
		};
		F820CD092B6EE4C800C14BD7 /* CreateTrainingProgramView */ = {
			isa = PBXGroup;
			children = (
				F87C36D92B4C4A1500716DCA /* CreateTrainingProgramView.swift */,
				F8668A452B4DEA4400AD2884 /* LevelTrainingView.swift */,
				F8668A472B4DEB4C00AD2884 /* GoalTrainingView.swift */,
				F8668A4B2B4DEBD800AD2884 /* DurationTrainingView.swift */,
			);
			path = CreateTrainingProgramView;
			sourceTree = "<group>";
		};
		F820CD0A2B6EE63B00C14BD7 /* ViewModels */ = {
			isa = PBXGroup;
			children = (
				F820CD0B2B6EE72700C14BD7 /* CreateTrainingProgram */,
			);
			path = ViewModels;
			sourceTree = "<group>";
		};
		F820CD0B2B6EE72700C14BD7 /* CreateTrainingProgram */ = {
			isa = PBXGroup;
			children = (
				F8668A3E2B4DDA5900AD2884 /* CreateTrainingProgramModel.swift */,
			);
			path = CreateTrainingProgram;
			sourceTree = "<group>";
		};
		F820CD0C2B6EEAD300C14BD7 /* Networking */ = {
			isa = PBXGroup;
			children = (
			);
			path = Networking;
			sourceTree = "<group>";
		};
		F82B77E52B1FA9B6004E249F = {
			isa = PBXGroup;
			children = (
				F82B77F02B1FA9B6004E249F /* Fit-well-hub */,
				F82B77EF2B1FA9B6004E249F /* Products */,
			);
			sourceTree = "<group>";
		};
		F82B77EF2B1FA9B6004E249F /* Products */ = {
			isa = PBXGroup;
			children = (
				F82B77EE2B1FA9B6004E249F /* Fit-well-hub.app */,
			);
			name = Products;
			sourceTree = "<group>";
		};
		F82B77F02B1FA9B6004E249F /* Fit-well-hub */ = {
			isa = PBXGroup;
			children = (
				F820CD0C2B6EEAD300C14BD7 /* Networking */,
				F8668A3B2B4DD60400AD2884 /* Models */,
				F820CD0A2B6EE63B00C14BD7 /* ViewModels */,
				F884FC352B2DFFE3008697BB /* Views */,
				F820CD012B6EE2C600C14BD7 /* Shared */,
				F87C36C02B4C1A9400716DCA /* Resources */,
				F83BB0012B2F68F500EB53C1 /* Utiles */,
				F82B77F12B1FA9B6004E249F /* AppMain.swift */,
				F82B77F52B1FA9B7004E249F /* Assets.xcassets */,
				F87C36CA2B4C21BF00716DCA /* Info.plist */,
				F82B77F72B1FA9B7004E249F /* Preview Content */,
			);
			path = "Fit-well-hub";
			sourceTree = "<group>";
		};
		F82B77F72B1FA9B7004E249F /* Preview Content */ = {
			isa = PBXGroup;
			children = (
				F82B77F82B1FA9B7004E249F /* Preview Assets.xcassets */,
			);
			path = "Preview Content";
			sourceTree = "<group>";
		};
		F83BB0012B2F68F500EB53C1 /* Utiles */ = {
			isa = PBXGroup;
			children = (
				F83BB0022B2F692100EB53C1 /* String+Ext.swift */,
				F828EFB02B4AE786000531C0 /* RoundedShape.swift */,
				F84AA9C82B81407A00F46B49 /* Color+Ext.swift */,
			);
			path = Utiles;
			sourceTree = "<group>";
		};
		F8668A382B4DD59E00AD2884 /* Data */ = {
			isa = PBXGroup;
			children = (
				F8668A392B4DD5B100AD2884 /* programParametersData.json */,
			);
			path = Data;
			sourceTree = "<group>";
		};
		F8668A3B2B4DD60400AD2884 /* Models */ = {
			isa = PBXGroup;
			children = (
				F8668A422B4DE21600AD2884 /* Program.swift */,
			);
			path = Models;
			sourceTree = "<group>";
		};
		F87C36BD2B4C149500716DCA /* Masks */ = {
			isa = PBXGroup;
			children = (
				F87C36BE2B4C14CB00716DCA /* MaskScreenView.swift */,
			);
			path = Masks;
			sourceTree = "<group>";
		};
		F87C36C02B4C1A9400716DCA /* Resources */ = {
			isa = PBXGroup;
			children = (
				F8668A382B4DD59E00AD2884 /* Data */,
				F87C36C22B4C1AAB00716DCA /* Images */,
				F87C36C12B4C1AA300716DCA /* Fonts */,
			);
			path = Resources;
			sourceTree = "<group>";
		};
		F87C36C12B4C1AA300716DCA /* Fonts */ = {
			isa = PBXGroup;
			children = (
				F87C36CB2B4C239F00716DCA /* MontserratAlternates-Bold.ttf */,
				F87C36CC2B4C239F00716DCA /* MontserratAlternates-SemiBold.ttf */,
				F87C36C32B4C1BFE00716DCA /* MontserratAlternates-Regular.ttf */,
			);
			path = Fonts;
			sourceTree = "<group>";
		};
		F87C36C22B4C1AAB00716DCA /* Images */ = {
			isa = PBXGroup;
			children = (
			);
			path = Images;
			sourceTree = "<group>";
		};
		F87FEA012B2E06B5005E22F1 /* TestView */ = {
			isa = PBXGroup;
			children = (
				F8D3F7FE2B66E64F0046F7AA /* ContentView.swift */,
			);
			path = TestView;
			sourceTree = "<group>";
		};
		F884FC352B2DFFE3008697BB /* Views */ = {
			isa = PBXGroup;
			children = (
				F87FEA012B2E06B5005E22F1 /* TestView */,
				F820CD042B6EE39200C14BD7 /* Registration */,
				F820CD022B6EE35400C14BD7 /* Authorization */,
				F820CD052B6EE3CC00C14BD7 /* Onboarding */,
				F820CD092B6EE4C800C14BD7 /* CreateTrainingProgramView */,
				F820CD082B6EE47800C14BD7 /* CreatePassword */,
				F820CD072B6EE43A00C14BD7 /* VerificationCode */,
				F820CD062B6EE3FD00C14BD7 /* PasswordRecovery */,
				F820CD032B6EE37800C14BD7 /* PrivacyPolicy */,
				F83BB0042B2F6AA600EB53C1 /* RootView.swift */,
			);
			path = Views;
			sourceTree = "<group>";
		};
		F884FC362B2DFFE3008697BB /* UI */ = {
			isa = PBXGroup;
			children = (
				F87C36BD2B4C149500716DCA /* Masks */,
				F884FC372B2DFFE3008697BB /* Buttons */,
				F884FC382B2DFFE3008697BB /* Inputs */,
			);
			path = UI;
			sourceTree = "<group>";
		};
		F884FC372B2DFFE3008697BB /* Buttons */ = {
			isa = PBXGroup;
			children = (
				F87FEA2E2B2E1ACD005E22F1 /* BackButton.swift */,
				F87FE9FD2B2E06A1005E22F1 /* PrimaryButton.swift */,
			);
			path = Buttons;
			sourceTree = "<group>";
		};
		F884FC382B2DFFE3008697BB /* Inputs */ = {
			isa = PBXGroup;
			children = (
				F87FEA332B2E1B63005E22F1 /* MainInput.swift */,
				F83BAFFC2B2F34CC00EB53C1 /* SecureInput.swift */,
				F807BDC92B5DA4A800F78996 /* CodeInput.swift */,
			);
			path = Inputs;
			sourceTree = "<group>";
		};
		F8D951D02B6FACD90068CF4F /* Components */ = {
			isa = PBXGroup;
			children = (
				F8668A4D2B4DF2F300AD2884 /* LabelButton.swift */,
				F8668A362B4DCF3600AD2884 /* ElementButton.swift */,
			);
			path = Components;
			sourceTree = "<group>";
		};
/* End PBXGroup section */

/* Begin PBXNativeTarget section */
		F82B77ED2B1FA9B6004E249F /* Fit-well-hub */ = {
			isa = PBXNativeTarget;
			buildConfigurationList = F82B77FC2B1FA9B7004E249F /* Build configuration list for PBXNativeTarget "Fit-well-hub" */;
			buildPhases = (
				F82B77EA2B1FA9B6004E249F /* Sources */,
				F82B77EB2B1FA9B6004E249F /* Frameworks */,
				F82B77EC2B1FA9B6004E249F /* Resources */,
			);
			buildRules = (
			);
			dependencies = (
			);
			name = "Fit-well-hub";
			productName = "Fit-well-hub";
			productReference = F82B77EE2B1FA9B6004E249F /* Fit-well-hub.app */;
			productType = "com.apple.product-type.application";
		};
/* End PBXNativeTarget section */

/* Begin PBXProject section */
		F82B77E62B1FA9B6004E249F /* Project object */ = {
			isa = PBXProject;
			attributes = {
				BuildIndependentTargetsInParallel = 1;
				LastSwiftUpdateCheck = 1500;
				LastUpgradeCheck = 1500;
				TargetAttributes = {
					F82B77ED2B1FA9B6004E249F = {
						CreatedOnToolsVersion = 15.0.1;
					};
				};
			};
			buildConfigurationList = F82B77E92B1FA9B6004E249F /* Build configuration list for PBXProject "Fit-well-hub" */;
			compatibilityVersion = "Xcode 14.0";
			developmentRegion = en;
			hasScannedForEncodings = 0;
			knownRegions = (
				en,
				Base,
			);
			mainGroup = F82B77E52B1FA9B6004E249F;
			productRefGroup = F82B77EF2B1FA9B6004E249F /* Products */;
			projectDirPath = "";
			projectRoot = "";
			targets = (
				F82B77ED2B1FA9B6004E249F /* Fit-well-hub */,
			);
		};
/* End PBXProject section */

/* Begin PBXResourcesBuildPhase section */
		F82B77EC2B1FA9B6004E249F /* Resources */ = {
			isa = PBXResourcesBuildPhase;
			buildActionMask = 2147483647;
			files = (
				F87C36CE2B4C239F00716DCA /* MontserratAlternates-SemiBold.ttf in Resources */,
				F82B77F92B1FA9B7004E249F /* Preview Assets.xcassets in Resources */,
				F87C36CD2B4C239F00716DCA /* MontserratAlternates-Bold.ttf in Resources */,
				F87C36C42B4C1BFE00716DCA /* MontserratAlternates-Regular.ttf in Resources */,
				F8668A3A2B4DD5B100AD2884 /* programParametersData.json in Resources */,
				F82B77F62B1FA9B7004E249F /* Assets.xcassets in Resources */,
			);
			runOnlyForDeploymentPostprocessing = 0;
		};
/* End PBXResourcesBuildPhase section */

/* Begin PBXSourcesBuildPhase section */
		F82B77EA2B1FA9B6004E249F /* Sources */ = {
			isa = PBXSourcesBuildPhase;
			buildActionMask = 2147483647;
			files = (
				F842260C2B7EAD9500E9FF56 /* FooterContent.swift in Sources */,
				F8668A462B4DEA4400AD2884 /* LevelTrainingView.swift in Sources */,
				F83BB0032B2F692100EB53C1 /* String+Ext.swift in Sources */,
				F8D3F7FF2B66E64F0046F7AA /* ContentView.swift in Sources */,
				F87C36DA2B4C4A1500716DCA /* CreateTrainingProgramView.swift in Sources */,
				F8668A432B4DE21600AD2884 /* Program.swift in Sources */,
				F83BAFFD2B2F34CC00EB53C1 /* SecureInput.swift in Sources */,
				F87FEA342B2E1B63005E22F1 /* MainInput.swift in Sources */,
				F87C36BF2B4C14CB00716DCA /* MaskScreenView.swift in Sources */,
				F83BB0052B2F6AA600EB53C1 /* RootView.swift in Sources */,
				F807BDCA2B5DA4A800F78996 /* CodeInput.swift in Sources */,
				F87FE9FF2B2E06A1005E22F1 /* PrimaryButton.swift in Sources */,
				F8668A4C2B4DEBD800AD2884 /* DurationTrainingView.swift in Sources */,
				F8668A482B4DEB4C00AD2884 /* GoalTrainingView.swift in Sources */,
				F828EFB12B4AE786000531C0 /* RoundedShape.swift in Sources */,
				F82B77F42B1FA9B6004E249F /* OnboardingView.swift in Sources */,
				F83BB0082B2F7A2300EB53C1 /* VerificationCodeView.swift in Sources */,
				F87FEA242B2E083C005E22F1 /* RegistrationView.swift in Sources */,
				F87FEA302B2E1ACD005E22F1 /* BackButton.swift in Sources */,
				F83BB00A2B2F872E00EB53C1 /* CreatePasswordView.swift in Sources */,
				F83BB0002B2F682B00EB53C1 /* PasswordRecoveryView.swift in Sources */,
				F84AA9C92B81407A00F46B49 /* Color+Ext.swift in Sources */,
				F8668A4E2B4DF2F300AD2884 /* LabelButton.swift in Sources */,
				F8668A372B4DCF3600AD2884 /* ElementButton.swift in Sources */,
				F87FEA252B2E083C005E22F1 /* AuthorizationView.swift in Sources */,
				F82B77F22B1FA9B6004E249F /* AppMain.swift in Sources */,
				F87FEA262B2E083C005E22F1 /* PrivacyPolicyView.swift in Sources */,
				F8668A3F2B4DDA5900AD2884 /* CreateTrainingProgramModel.swift in Sources */,
			);
			runOnlyForDeploymentPostprocessing = 0;
		};
/* End PBXSourcesBuildPhase section */

/* Begin XCBuildConfiguration section */
		F82B77FA2B1FA9B7004E249F /* Debug */ = {
			isa = XCBuildConfiguration;
			buildSettings = {
				ALWAYS_SEARCH_USER_PATHS = NO;
				ASSETCATALOG_COMPILER_GENERATE_SWIFT_ASSET_SYMBOL_EXTENSIONS = YES;
				CLANG_ANALYZER_NONNULL = YES;
				CLANG_ANALYZER_NUMBER_OBJECT_CONVERSION = YES_AGGRESSIVE;
				CLANG_CXX_LANGUAGE_STANDARD = "gnu++20";
				CLANG_ENABLE_MODULES = YES;
				CLANG_ENABLE_OBJC_ARC = YES;
				CLANG_ENABLE_OBJC_WEAK = YES;
				CLANG_WARN_BLOCK_CAPTURE_AUTORELEASING = YES;
				CLANG_WARN_BOOL_CONVERSION = YES;
				CLANG_WARN_COMMA = YES;
				CLANG_WARN_CONSTANT_CONVERSION = YES;
				CLANG_WARN_DEPRECATED_OBJC_IMPLEMENTATIONS = YES;
				CLANG_WARN_DIRECT_OBJC_ISA_USAGE = YES_ERROR;
				CLANG_WARN_DOCUMENTATION_COMMENTS = YES;
				CLANG_WARN_EMPTY_BODY = YES;
				CLANG_WARN_ENUM_CONVERSION = YES;
				CLANG_WARN_INFINITE_RECURSION = YES;
				CLANG_WARN_INT_CONVERSION = YES;
				CLANG_WARN_NON_LITERAL_NULL_CONVERSION = YES;
				CLANG_WARN_OBJC_IMPLICIT_RETAIN_SELF = YES;
				CLANG_WARN_OBJC_LITERAL_CONVERSION = YES;
				CLANG_WARN_OBJC_ROOT_CLASS = YES_ERROR;
				CLANG_WARN_QUOTED_INCLUDE_IN_FRAMEWORK_HEADER = YES;
				CLANG_WARN_RANGE_LOOP_ANALYSIS = YES;
				CLANG_WARN_STRICT_PROTOTYPES = YES;
				CLANG_WARN_SUSPICIOUS_MOVE = YES;
				CLANG_WARN_UNGUARDED_AVAILABILITY = YES_AGGRESSIVE;
				CLANG_WARN_UNREACHABLE_CODE = YES;
				CLANG_WARN__DUPLICATE_METHOD_MATCH = YES;
				COPY_PHASE_STRIP = NO;
				DEBUG_INFORMATION_FORMAT = dwarf;
				ENABLE_STRICT_OBJC_MSGSEND = YES;
				ENABLE_TESTABILITY = YES;
				ENABLE_USER_SCRIPT_SANDBOXING = YES;
				GCC_C_LANGUAGE_STANDARD = gnu17;
				GCC_DYNAMIC_NO_PIC = NO;
				GCC_NO_COMMON_BLOCKS = YES;
				GCC_OPTIMIZATION_LEVEL = 0;
				GCC_PREPROCESSOR_DEFINITIONS = (
					"DEBUG=1",
					"$(inherited)",
				);
				GCC_WARN_64_TO_32_BIT_CONVERSION = YES;
				GCC_WARN_ABOUT_RETURN_TYPE = YES_ERROR;
				GCC_WARN_UNDECLARED_SELECTOR = YES;
				GCC_WARN_UNINITIALIZED_AUTOS = YES_AGGRESSIVE;
				GCC_WARN_UNUSED_FUNCTION = YES;
				GCC_WARN_UNUSED_VARIABLE = YES;
				IPHONEOS_DEPLOYMENT_TARGET = 17.0;
				LOCALIZATION_PREFERS_STRING_CATALOGS = YES;
				MTL_ENABLE_DEBUG_INFO = INCLUDE_SOURCE;
				MTL_FAST_MATH = YES;
				ONLY_ACTIVE_ARCH = YES;
				SDKROOT = iphoneos;
				SWIFT_ACTIVE_COMPILATION_CONDITIONS = "DEBUG $(inherited)";
				SWIFT_OPTIMIZATION_LEVEL = "-Onone";
			};
			name = Debug;
		};
		F82B77FB2B1FA9B7004E249F /* Release */ = {
			isa = XCBuildConfiguration;
			buildSettings = {
				ALWAYS_SEARCH_USER_PATHS = NO;
				ASSETCATALOG_COMPILER_GENERATE_SWIFT_ASSET_SYMBOL_EXTENSIONS = YES;
				CLANG_ANALYZER_NONNULL = YES;
				CLANG_ANALYZER_NUMBER_OBJECT_CONVERSION = YES_AGGRESSIVE;
				CLANG_CXX_LANGUAGE_STANDARD = "gnu++20";
				CLANG_ENABLE_MODULES = YES;
				CLANG_ENABLE_OBJC_ARC = YES;
				CLANG_ENABLE_OBJC_WEAK = YES;
				CLANG_WARN_BLOCK_CAPTURE_AUTORELEASING = YES;
				CLANG_WARN_BOOL_CONVERSION = YES;
				CLANG_WARN_COMMA = YES;
				CLANG_WARN_CONSTANT_CONVERSION = YES;
				CLANG_WARN_DEPRECATED_OBJC_IMPLEMENTATIONS = YES;
				CLANG_WARN_DIRECT_OBJC_ISA_USAGE = YES_ERROR;
				CLANG_WARN_DOCUMENTATION_COMMENTS = YES;
				CLANG_WARN_EMPTY_BODY = YES;
				CLANG_WARN_ENUM_CONVERSION = YES;
				CLANG_WARN_INFINITE_RECURSION = YES;
				CLANG_WARN_INT_CONVERSION = YES;
				CLANG_WARN_NON_LITERAL_NULL_CONVERSION = YES;
				CLANG_WARN_OBJC_IMPLICIT_RETAIN_SELF = YES;
				CLANG_WARN_OBJC_LITERAL_CONVERSION = YES;
				CLANG_WARN_OBJC_ROOT_CLASS = YES_ERROR;
				CLANG_WARN_QUOTED_INCLUDE_IN_FRAMEWORK_HEADER = YES;
				CLANG_WARN_RANGE_LOOP_ANALYSIS = YES;
				CLANG_WARN_STRICT_PROTOTYPES = YES;
				CLANG_WARN_SUSPICIOUS_MOVE = YES;
				CLANG_WARN_UNGUARDED_AVAILABILITY = YES_AGGRESSIVE;
				CLANG_WARN_UNREACHABLE_CODE = YES;
				CLANG_WARN__DUPLICATE_METHOD_MATCH = YES;
				COPY_PHASE_STRIP = NO;
				DEBUG_INFORMATION_FORMAT = "dwarf-with-dsym";
				ENABLE_NS_ASSERTIONS = NO;
				ENABLE_STRICT_OBJC_MSGSEND = YES;
				ENABLE_USER_SCRIPT_SANDBOXING = YES;
				GCC_C_LANGUAGE_STANDARD = gnu17;
				GCC_NO_COMMON_BLOCKS = YES;
				GCC_WARN_64_TO_32_BIT_CONVERSION = YES;
				GCC_WARN_ABOUT_RETURN_TYPE = YES_ERROR;
				GCC_WARN_UNDECLARED_SELECTOR = YES;
				GCC_WARN_UNINITIALIZED_AUTOS = YES_AGGRESSIVE;
				GCC_WARN_UNUSED_FUNCTION = YES;
				GCC_WARN_UNUSED_VARIABLE = YES;
				IPHONEOS_DEPLOYMENT_TARGET = 17.0;
				LOCALIZATION_PREFERS_STRING_CATALOGS = YES;
				MTL_ENABLE_DEBUG_INFO = NO;
				MTL_FAST_MATH = YES;
				SDKROOT = iphoneos;
				SWIFT_COMPILATION_MODE = wholemodule;
				VALIDATE_PRODUCT = YES;
			};
			name = Release;
		};
		F82B77FD2B1FA9B7004E249F /* Debug */ = {
			isa = XCBuildConfiguration;
			buildSettings = {
				ASSETCATALOG_COMPILER_APPICON_NAME = AppIcon;
				ASSETCATALOG_COMPILER_GLOBAL_ACCENT_COLOR_NAME = AccentColor;
				CODE_SIGN_STYLE = Automatic;
				CURRENT_PROJECT_VERSION = 1;
				DEVELOPMENT_ASSET_PATHS = "\"Fit-well-hub/Preview Content\"";
				DEVELOPMENT_TEAM = 822KZXTV6Q;
				ENABLE_PREVIEWS = YES;
				GENERATE_INFOPLIST_FILE = YES;
				INFOPLIST_FILE = "Fit-well-hub/Info.plist";
				INFOPLIST_KEY_CFBundleDisplayName = FitWellHub;
				INFOPLIST_KEY_LSApplicationCategoryType = "public.app-category.education";
				INFOPLIST_KEY_UIApplicationSceneManifest_Generation = YES;
				INFOPLIST_KEY_UIApplicationSupportsIndirectInputEvents = YES;
				INFOPLIST_KEY_UILaunchScreen_Generation = YES;
				INFOPLIST_KEY_UISupportedInterfaceOrientations = UIInterfaceOrientationPortrait;
				INFOPLIST_KEY_UISupportedInterfaceOrientations_iPad = "UIInterfaceOrientationLandscapeLeft UIInterfaceOrientationLandscapeRight UIInterfaceOrientationPortrait UIInterfaceOrientationPortraitUpsideDown";
				LD_RUNPATH_SEARCH_PATHS = (
					"$(inherited)",
					"@executable_path/Frameworks",
				);
				MARKETING_VERSION = 1.0;
				PRODUCT_BUNDLE_IDENTIFIER = "Vitali-Kupratsevich.Fit-well-hub";
				PRODUCT_NAME = "$(TARGET_NAME)";
				SUPPORTED_PLATFORMS = "iphoneos iphonesimulator";
				SUPPORTS_MACCATALYST = NO;
				SUPPORTS_MAC_DESIGNED_FOR_IPHONE_IPAD = NO;
				SUPPORTS_XR_DESIGNED_FOR_IPHONE_IPAD = NO;
				SWIFT_EMIT_LOC_STRINGS = YES;
				SWIFT_VERSION = 5.0;
				TARGETED_DEVICE_FAMILY = 1;
			};
			name = Debug;
		};
		F82B77FE2B1FA9B7004E249F /* Release */ = {
			isa = XCBuildConfiguration;
			buildSettings = {
				ASSETCATALOG_COMPILER_APPICON_NAME = AppIcon;
				ASSETCATALOG_COMPILER_GLOBAL_ACCENT_COLOR_NAME = AccentColor;
				CODE_SIGN_STYLE = Automatic;
				CURRENT_PROJECT_VERSION = 1;
				DEVELOPMENT_ASSET_PATHS = "\"Fit-well-hub/Preview Content\"";
				DEVELOPMENT_TEAM = 822KZXTV6Q;
				ENABLE_PREVIEWS = YES;
				GENERATE_INFOPLIST_FILE = YES;
				INFOPLIST_FILE = "Fit-well-hub/Info.plist";
				INFOPLIST_KEY_CFBundleDisplayName = FitWellHub;
				INFOPLIST_KEY_LSApplicationCategoryType = "public.app-category.education";
				INFOPLIST_KEY_UIApplicationSceneManifest_Generation = YES;
				INFOPLIST_KEY_UIApplicationSupportsIndirectInputEvents = YES;
				INFOPLIST_KEY_UILaunchScreen_Generation = YES;
				INFOPLIST_KEY_UISupportedInterfaceOrientations = UIInterfaceOrientationPortrait;
				INFOPLIST_KEY_UISupportedInterfaceOrientations_iPad = "UIInterfaceOrientationLandscapeLeft UIInterfaceOrientationLandscapeRight UIInterfaceOrientationPortrait UIInterfaceOrientationPortraitUpsideDown";
				LD_RUNPATH_SEARCH_PATHS = (
					"$(inherited)",
					"@executable_path/Frameworks",
				);
				MARKETING_VERSION = 1.0;
				PRODUCT_BUNDLE_IDENTIFIER = "Vitali-Kupratsevich.Fit-well-hub";
				PRODUCT_NAME = "$(TARGET_NAME)";
				SUPPORTED_PLATFORMS = "iphoneos iphonesimulator";
				SUPPORTS_MACCATALYST = NO;
				SUPPORTS_MAC_DESIGNED_FOR_IPHONE_IPAD = NO;
				SUPPORTS_XR_DESIGNED_FOR_IPHONE_IPAD = NO;
				SWIFT_EMIT_LOC_STRINGS = YES;
				SWIFT_VERSION = 5.0;
				TARGETED_DEVICE_FAMILY = 1;
			};
			name = Release;
		};
/* End XCBuildConfiguration section */

/* Begin XCConfigurationList section */
		F82B77E92B1FA9B6004E249F /* Build configuration list for PBXProject "Fit-well-hub" */ = {
			isa = XCConfigurationList;
			buildConfigurations = (
				F82B77FA2B1FA9B7004E249F /* Debug */,
				F82B77FB2B1FA9B7004E249F /* Release */,
			);
			defaultConfigurationIsVisible = 0;
			defaultConfigurationName = Release;
		};
		F82B77FC2B1FA9B7004E249F /* Build configuration list for PBXNativeTarget "Fit-well-hub" */ = {
			isa = XCConfigurationList;
			buildConfigurations = (
				F82B77FD2B1FA9B7004E249F /* Debug */,
				F82B77FE2B1FA9B7004E249F /* Release */,
			);
			defaultConfigurationIsVisible = 0;
			defaultConfigurationName = Release;
		};
/* End XCConfigurationList section */
	};
	rootObject = F82B77E62B1FA9B6004E249F /* Project object */;
}
